// !$*UTF8*$!
{
	archiveVersion = 1;
	classes = {
	};
	objectVersion = 55;
	objects = {

/* Begin PBXBuildFile section */
		CEAD828528B7ABBC002DE5C8 /* AppDelegate.swift in Sources */ = {isa = PBXBuildFile; fileRef = CEAD828428B7ABBC002DE5C8 /* AppDelegate.swift */; };
		CEAD828728B7ABBC002DE5C8 /* SceneDelegate.swift in Sources */ = {isa = PBXBuildFile; fileRef = CEAD828628B7ABBC002DE5C8 /* SceneDelegate.swift */; };
		CEAD828928B7ABBC002DE5C8 /* ViewController.swift in Sources */ = {isa = PBXBuildFile; fileRef = CEAD828828B7ABBC002DE5C8 /* ViewController.swift */; };
		CEAD828C28B7ABBC002DE5C8 /* Main.storyboard in Resources */ = {isa = PBXBuildFile; fileRef = CEAD828A28B7ABBC002DE5C8 /* Main.storyboard */; };
		CEAD828E28B7ABBF002DE5C8 /* Assets.xcassets in Resources */ = {isa = PBXBuildFile; fileRef = CEAD828D28B7ABBF002DE5C8 /* Assets.xcassets */; };
		CEAD829128B7ABBF002DE5C8 /* LaunchScreen.storyboard in Resources */ = {isa = PBXBuildFile; fileRef = CEAD828F28B7ABBF002DE5C8 /* LaunchScreen.storyboard */; };
		CEAD829C28B7ABBF002DE5C8 /* Demo1Tests.swift in Sources */ = {isa = PBXBuildFile; fileRef = CEAD829B28B7ABBF002DE5C8 /* Demo1Tests.swift */; };
		CEAD82A628B7ABC0002DE5C8 /* Demo1UITests.swift in Sources */ = {isa = PBXBuildFile; fileRef = CEAD82A528B7ABC0002DE5C8 /* Demo1UITests.swift */; };
		CEAD82A828B7ABC0002DE5C8 /* Demo1UITestsLaunchTests.swift in Sources */ = {isa = PBXBuildFile; fileRef = CEAD82A728B7ABC0002DE5C8 /* Demo1UITestsLaunchTests.swift */; };
/* End PBXBuildFile section */

/* Begin PBXContainerItemProxy section */
		CEAD829828B7ABBF002DE5C8 /* PBXContainerItemProxy */ = {
			isa = PBXContainerItemProxy;
			containerPortal = CEAD827928B7ABBC002DE5C8 /* Project object */;
			proxyType = 1;
			remoteGlobalIDString = CEAD828028B7ABBC002DE5C8;
			remoteInfo = Demo1;
		};
		CEAD82A228B7ABC0002DE5C8 /* PBXContainerItemProxy */ = {
			isa = PBXContainerItemProxy;
			containerPortal = CEAD827928B7ABBC002DE5C8 /* Project object */;
			proxyType = 1;
			remoteGlobalIDString = CEAD828028B7ABBC002DE5C8;
			remoteInfo = Demo1;
		};
/* End PBXContainerItemProxy section */

/* Begin PBXFileReference section */
		CEAD828128B7ABBC002DE5C8 /* Demo1.app */ = {isa = PBXFileReference; explicitFileType = wrapper.application; includeInIndex = 0; path = Demo1.app; sourceTree = BUILT_PRODUCTS_DIR; };
		CEAD828428B7ABBC002DE5C8 /* AppDelegate.swift */ = {isa = PBXFileReference; lastKnownFileType = sourcecode.swift; path = AppDelegate.swift; sourceTree = "<group>"; };
		CEAD828628B7ABBC002DE5C8 /* SceneDelegate.swift */ = {isa = PBXFileReference; lastKnownFileType = sourcecode.swift; path = SceneDelegate.swift; sourceTree = "<group>"; };
		CEAD828828B7ABBC002DE5C8 /* ViewController.swift */ = {isa = PBXFileReference; lastKnownFileType = sourcecode.swift; path = ViewController.swift; sourceTree = "<group>"; };
		CEAD828B28B7ABBC002DE5C8 /* Base */ = {isa = PBXFileReference; lastKnownFileType = file.storyboard; name = Base; path = Base.lproj/Main.storyboard; sourceTree = "<group>"; };
		CEAD828D28B7ABBF002DE5C8 /* Assets.xcassets */ = {isa = PBXFileReference; lastKnownFileType = folder.assetcatalog; path = Assets.xcassets; sourceTree = "<group>"; };
		CEAD829028B7ABBF002DE5C8 /* Base */ = {isa = PBXFileReference; lastKnownFileType = file.storyboard; name = Base; path = Base.lproj/LaunchScreen.storyboard; sourceTree = "<group>"; };
		CEAD829228B7ABBF002DE5C8 /* Info.plist */ = {isa = PBXFileReference; lastKnownFileType = text.plist.xml; path = Info.plist; sourceTree = "<group>"; };
		CEAD829728B7ABBF002DE5C8 /* Demo1Tests.xctest */ = {isa = PBXFileReference; explicitFileType = wrapper.cfbundle; includeInIndex = 0; path = Demo1Tests.xctest; sourceTree = BUILT_PRODUCTS_DIR; };
		CEAD829B28B7ABBF002DE5C8 /* Demo1Tests.swift */ = {isa = PBXFileReference; lastKnownFileType = sourcecode.swift; path = Demo1Tests.swift; sourceTree = "<group>"; };
		CEAD82A128B7ABC0002DE5C8 /* Demo1UITests.xctest */ = {isa = PBXFileReference; explicitFileType = wrapper.cfbundle; includeInIndex = 0; path = Demo1UITests.xctest; sourceTree = BUILT_PRODUCTS_DIR; };
		CEAD82A528B7ABC0002DE5C8 /* Demo1UITests.swift */ = {isa = PBXFileReference; lastKnownFileType = sourcecode.swift; path = Demo1UITests.swift; sourceTree = "<group>"; };
		CEAD82A728B7ABC0002DE5C8 /* Demo1UITestsLaunchTests.swift */ = {isa = PBXFileReference; lastKnownFileType = sourcecode.swift; path = Demo1UITestsLaunchTests.swift; sourceTree = "<group>"; };
/* End PBXFileReference section */

/* Begin PBXFrameworksBuildPhase section */
		CEAD827E28B7ABBC002DE5C8 /* Frameworks */ = {
			isa = PBXFrameworksBuildPhase;
			buildActionMask = 2147483647;
			files = (
			);
			runOnlyForDeploymentPostprocessing = 0;
		};
		CEAD829428B7ABBF002DE5C8 /* Frameworks */ = {
			isa = PBXFrameworksBuildPhase;
			buildActionMask = 2147483647;
			files = (
			);
			runOnlyForDeploymentPostprocessing = 0;
		};
		CEAD829E28B7ABC0002DE5C8 /* Frameworks */ = {
			isa = PBXFrameworksBuildPhase;
			buildActionMask = 2147483647;
			files = (
			);
			runOnlyForDeploymentPostprocessing = 0;
		};
/* End PBXFrameworksBuildPhase section */

/* Begin PBXGroup section */
		CEAD827828B7ABBC002DE5C8 = {
			isa = PBXGroup;
			children = (
				CEAD828328B7ABBC002DE5C8 /* Demo1 */,
				CEAD829A28B7ABBF002DE5C8 /* Demo1Tests */,
				CEAD82A428B7ABC0002DE5C8 /* Demo1UITests */,
				CEAD828228B7ABBC002DE5C8 /* Products */,
			);
			sourceTree = "<group>";
		};
		CEAD828228B7ABBC002DE5C8 /* Products */ = {
			isa = PBXGroup;
			children = (
				CEAD828128B7ABBC002DE5C8 /* Demo1.app */,
				CEAD829728B7ABBF002DE5C8 /* Demo1Tests.xctest */,
				CEAD82A128B7ABC0002DE5C8 /* Demo1UITests.xctest */,
			);
			name = Products;
			sourceTree = "<group>";
		};
		CEAD828328B7ABBC002DE5C8 /* Demo1 */ = {
			isa = PBXGroup;
			children = (
				CEAD828428B7ABBC002DE5C8 /* AppDelegate.swift */,
				CEAD828628B7ABBC002DE5C8 /* SceneDelegate.swift */,
				CEAD828828B7ABBC002DE5C8 /* ViewController.swift */,
				CEAD828A28B7ABBC002DE5C8 /* Main.storyboard */,
				CEAD828D28B7ABBF002DE5C8 /* Assets.xcassets */,
				CEAD828F28B7ABBF002DE5C8 /* LaunchScreen.storyboard */,
				CEAD829228B7ABBF002DE5C8 /* Info.plist */,
			);
			path = Demo1;
			sourceTree = "<group>";
		};
		CEAD829A28B7ABBF002DE5C8 /* Demo1Tests */ = {
			isa = PBXGroup;
			children = (
				CEAD829B28B7ABBF002DE5C8 /* Demo1Tests.swift */,
			);
			path = Demo1Tests;
			sourceTree = "<group>";
		};
		CEAD82A428B7ABC0002DE5C8 /* Demo1UITests */ = {
			isa = PBXGroup;
			children = (
				CEAD82A528B7ABC0002DE5C8 /* Demo1UITests.swift */,
				CEAD82A728B7ABC0002DE5C8 /* Demo1UITestsLaunchTests.swift */,
			);
			path = Demo1UITests;
			sourceTree = "<group>";
		};
/* End PBXGroup section */

/* Begin PBXNativeTarget section */
		CEAD828028B7ABBC002DE5C8 /* Demo1 */ = {
			isa = PBXNativeTarget;
			buildConfigurationList = CEAD82AB28B7ABC0002DE5C8 /* Build configuration list for PBXNativeTarget "Demo1" */;
			buildPhases = (
				CEAD827D28B7ABBC002DE5C8 /* Sources */,
				CEAD827E28B7ABBC002DE5C8 /* Frameworks */,
				CEAD827F28B7ABBC002DE5C8 /* Resources */,
			);
			buildRules = (
			);
			dependencies = (
			);
			name = Demo1;
			productName = Demo1;
			productReference = CEAD828128B7ABBC002DE5C8 /* Demo1.app */;
			productType = "com.apple.product-type.application";
		};
		CEAD829628B7ABBF002DE5C8 /* Demo1Tests */ = {
			isa = PBXNativeTarget;
			buildConfigurationList = CEAD82AE28B7ABC0002DE5C8 /* Build configuration list for PBXNativeTarget "Demo1Tests" */;
			buildPhases = (
				CEAD829328B7ABBF002DE5C8 /* Sources */,
				CEAD829428B7ABBF002DE5C8 /* Frameworks */,
				CEAD829528B7ABBF002DE5C8 /* Resources */,
			);
			buildRules = (
			);
			dependencies = (
				CEAD829928B7ABBF002DE5C8 /* PBXTargetDependency */,
			);
			name = Demo1Tests;
			productName = Demo1Tests;
			productReference = CEAD829728B7ABBF002DE5C8 /* Demo1Tests.xctest */;
			productType = "com.apple.product-type.bundle.unit-test";
		};
		CEAD82A028B7ABC0002DE5C8 /* Demo1UITests */ = {
			isa = PBXNativeTarget;
			buildConfigurationList = CEAD82B128B7ABC0002DE5C8 /* Build configuration list for PBXNativeTarget "Demo1UITests" */;
			buildPhases = (
				CEAD829D28B7ABC0002DE5C8 /* Sources */,
				CEAD829E28B7ABC0002DE5C8 /* Frameworks */,
				CEAD829F28B7ABC0002DE5C8 /* Resources */,
			);
			buildRules = (
			);
			dependencies = (
				CEAD82A328B7ABC0002DE5C8 /* PBXTargetDependency */,
			);
			name = Demo1UITests;
			productName = Demo1UITests;
			productReference = CEAD82A128B7ABC0002DE5C8 /* Demo1UITests.xctest */;
			productType = "com.apple.product-type.bundle.ui-testing";
		};
/* End PBXNativeTarget section */

/* Begin PBXProject section */
		CEAD827928B7ABBC002DE5C8 /* Project object */ = {
			isa = PBXProject;
			attributes = {
				BuildIndependentTargetsInParallel = 1;
				LastSwiftUpdateCheck = 1340;
				LastUpgradeCheck = 1340;
				TargetAttributes = {
					CEAD828028B7ABBC002DE5C8 = {
						CreatedOnToolsVersion = 13.4.1;
					};
					CEAD829628B7ABBF002DE5C8 = {
						CreatedOnToolsVersion = 13.4.1;
						TestTargetID = CEAD828028B7ABBC002DE5C8;
					};
					CEAD82A028B7ABC0002DE5C8 = {
						CreatedOnToolsVersion = 13.4.1;
						TestTargetID = CEAD828028B7ABBC002DE5C8;
					};
				};
			};
			buildConfigurationList = CEAD827C28B7ABBC002DE5C8 /* Build configuration list for PBXProject "Demo1" */;
			compatibilityVersion = "Xcode 13.0";
			developmentRegion = en;
			hasScannedForEncodings = 0;
			knownRegions = (
				en,
				Base,
			);
			mainGroup = CEAD827828B7ABBC002DE5C8;
			productRefGroup = CEAD828228B7ABBC002DE5C8 /* Products */;
			projectDirPath = "";
			projectRoot = "";
			targets = (
				CEAD828028B7ABBC002DE5C8 /* Demo1 */,
				CEAD829628B7ABBF002DE5C8 /* Demo1Tests */,
				CEAD82A028B7ABC0002DE5C8 /* Demo1UITests */,
			);
		};
/* End PBXProject section */

/* Begin PBXResourcesBuildPhase section */
		CEAD827F28B7ABBC002DE5C8 /* Resources */ = {
			isa = PBXResourcesBuildPhase;
			buildActionMask = 2147483647;
			files = (
				CEAD829128B7ABBF002DE5C8 /* LaunchScreen.storyboard in Resources */,
				CEAD828E28B7ABBF002DE5C8 /* Assets.xcassets in Resources */,
				CEAD828C28B7ABBC002DE5C8 /* Main.storyboard in Resources */,
			);
			runOnlyForDeploymentPostprocessing = 0;
		};
		CEAD829528B7ABBF002DE5C8 /* Resources */ = {
			isa = PBXResourcesBuildPhase;
			buildActionMask = 2147483647;
			files = (
			);
			runOnlyForDeploymentPostprocessing = 0;
		};
		CEAD829F28B7ABC0002DE5C8 /* Resources */ = {
			isa = PBXResourcesBuildPhase;
			buildActionMask = 2147483647;
			files = (
			);
			runOnlyForDeploymentPostprocessing = 0;
		};
/* End PBXResourcesBuildPhase section */

/* Begin PBXSourcesBuildPhase section */
		CEAD827D28B7ABBC002DE5C8 /* Sources */ = {
			isa = PBXSourcesBuildPhase;
			buildActionMask = 2147483647;
			files = (
				CEAD828928B7ABBC002DE5C8 /* ViewController.swift in Sources */,
				CEAD828528B7ABBC002DE5C8 /* AppDelegate.swift in Sources */,
				CEAD828728B7ABBC002DE5C8 /* SceneDelegate.swift in Sources */,
			);
			runOnlyForDeploymentPostprocessing = 0;
		};
		CEAD829328B7ABBF002DE5C8 /* Sources */ = {
			isa = PBXSourcesBuildPhase;
			buildActionMask = 2147483647;
			files = (
				CEAD829C28B7ABBF002DE5C8 /* Demo1Tests.swift in Sources */,
			);
			runOnlyForDeploymentPostprocessing = 0;
		};
		CEAD829D28B7ABC0002DE5C8 /* Sources */ = {
			isa = PBXSourcesBuildPhase;
			buildActionMask = 2147483647;
			files = (
				CEAD82A628B7ABC0002DE5C8 /* Demo1UITests.swift in Sources */,
				CEAD82A828B7ABC0002DE5C8 /* Demo1UITestsLaunchTests.swift in Sources */,
			);
			runOnlyForDeploymentPostprocessing = 0;
		};
/* End PBXSourcesBuildPhase section */

/* Begin PBXTargetDependency section */
		CEAD829928B7ABBF002DE5C8 /* PBXTargetDependency */ = {
			isa = PBXTargetDependency;
			target = CEAD828028B7ABBC002DE5C8 /* Demo1 */;
			targetProxy = CEAD829828B7ABBF002DE5C8 /* PBXContainerItemProxy */;
		};
		CEAD82A328B7ABC0002DE5C8 /* PBXTargetDependency */ = {
			isa = PBXTargetDependency;
			target = CEAD828028B7ABBC002DE5C8 /* Demo1 */;
			targetProxy = CEAD82A228B7ABC0002DE5C8 /* PBXContainerItemProxy */;
		};
/* End PBXTargetDependency section */

/* Begin PBXVariantGroup section */
		CEAD828A28B7ABBC002DE5C8 /* Main.storyboard */ = {
			isa = PBXVariantGroup;
			children = (
				CEAD828B28B7ABBC002DE5C8 /* Base */,
			);
			name = Main.storyboard;
			sourceTree = "<group>";
		};
		CEAD828F28B7ABBF002DE5C8 /* LaunchScreen.storyboard */ = {
			isa = PBXVariantGroup;
			children = (
				CEAD829028B7ABBF002DE5C8 /* Base */,
			);
			name = LaunchScreen.storyboard;
			sourceTree = "<group>";
		};
/* End PBXVariantGroup section */

/* Begin XCBuildConfiguration section */
		CEAD82A928B7ABC0002DE5C8 /* Debug */ = {
			isa = XCBuildConfiguration;
			buildSettings = {
				ALWAYS_SEARCH_USER_PATHS = NO;
				CLANG_ANALYZER_NONNULL = YES;
				CLANG_ANALYZER_NUMBER_OBJECT_CONVERSION = YES_AGGRESSIVE;
				CLANG_CXX_LANGUAGE_STANDARD = "gnu++17";
				CLANG_ENABLE_MODULES = YES;
				CLANG_ENABLE_OBJC_ARC = YES;
				CLANG_ENABLE_OBJC_WEAK = YES;
				CLANG_WARN_BLOCK_CAPTURE_AUTORELEASING = YES;
				CLANG_WARN_BOOL_CONVERSION = YES;
				CLANG_WARN_COMMA = YES;
				CLANG_WARN_CONSTANT_CONVERSION = YES;
				CLANG_WARN_DEPRECATED_OBJC_IMPLEMENTATIONS = YES;
				CLANG_WARN_DIRECT_OBJC_ISA_USAGE = YES_ERROR;
				CLANG_WARN_DOCUMENTATION_COMMENTS = YES;
				CLANG_WARN_EMPTY_BODY = YES;
				CLANG_WARN_ENUM_CONVERSION = YES;
				CLANG_WARN_INFINITE_RECURSION = YES;
				CLANG_WARN_INT_CONVERSION = YES;
				CLANG_WARN_NON_LITERAL_NULL_CONVERSION = YES;
				CLANG_WARN_OBJC_IMPLICIT_RETAIN_SELF = YES;
				CLANG_WARN_OBJC_LITERAL_CONVERSION = YES;
				CLANG_WARN_OBJC_ROOT_CLASS = YES_ERROR;
				CLANG_WARN_QUOTED_INCLUDE_IN_FRAMEWORK_HEADER = YES;
				CLANG_WARN_RANGE_LOOP_ANALYSIS = YES;
				CLANG_WARN_STRICT_PROTOTYPES = YES;
				CLANG_WARN_SUSPICIOUS_MOVE = YES;
				CLANG_WARN_UNGUARDED_AVAILABILITY = YES_AGGRESSIVE;
				CLANG_WARN_UNREACHABLE_CODE = YES;
				CLANG_WARN__DUPLICATE_METHOD_MATCH = YES;
				COPY_PHASE_STRIP = NO;
				DEBUG_INFORMATION_FORMAT = dwarf;
				ENABLE_STRICT_OBJC_MSGSEND = YES;
				ENABLE_TESTABILITY = YES;
				GCC_C_LANGUAGE_STANDARD = gnu11;
				GCC_DYNAMIC_NO_PIC = NO;
				GCC_NO_COMMON_BLOCKS = YES;
				GCC_OPTIMIZATION_LEVEL = 0;
				GCC_PREPROCESSOR_DEFINITIONS = (
					"DEBUG=1",
					"$(inherited)",
				);
				GCC_WARN_64_TO_32_BIT_CONVERSION = YES;
				GCC_WARN_ABOUT_RETURN_TYPE = YES_ERROR;
				GCC_WARN_UNDECLARED_SELECTOR = YES;
				GCC_WARN_UNINITIALIZED_AUTOS = YES_AGGRESSIVE;
				GCC_WARN_UNUSED_FUNCTION = YES;
				GCC_WARN_UNUSED_VARIABLE = YES;
				IPHONEOS_DEPLOYMENT_TARGET = 15.5;
				MTL_ENABLE_DEBUG_INFO = INCLUDE_SOURCE;
				MTL_FAST_MATH = YES;
				ONLY_ACTIVE_ARCH = YES;
				SDKROOT = iphoneos;
				SWIFT_ACTIVE_COMPILATION_CONDITIONS = DEBUG;
				SWIFT_OPTIMIZATION_LEVEL = "-Onone";
			};
			name = Debug;
		};
		CEAD82AA28B7ABC0002DE5C8 /* Release */ = {
			isa = XCBuildConfiguration;
			buildSettings = {
				ALWAYS_SEARCH_USER_PATHS = NO;
				CLANG_ANALYZER_NONNULL = YES;
				CLANG_ANALYZER_NUMBER_OBJECT_CONVERSION = YES_AGGRESSIVE;
				CLANG_CXX_LANGUAGE_STANDARD = "gnu++17";
				CLANG_ENABLE_MODULES = YES;
				CLANG_ENABLE_OBJC_ARC = YES;
				CLANG_ENABLE_OBJC_WEAK = YES;
				CLANG_WARN_BLOCK_CAPTURE_AUTORELEASING = YES;
				CLANG_WARN_BOOL_CONVERSION = YES;
				CLANG_WARN_COMMA = YES;
				CLANG_WARN_CONSTANT_CONVERSION = YES;
				CLANG_WARN_DEPRECATED_OBJC_IMPLEMENTATIONS = YES;
				CLANG_WARN_DIRECT_OBJC_ISA_USAGE = YES_ERROR;
				CLANG_WARN_DOCUMENTATION_COMMENTS = YES;
				CLANG_WARN_EMPTY_BODY = YES;
				CLANG_WARN_ENUM_CONVERSION = YES;
				CLANG_WARN_INFINITE_RECURSION = YES;
				CLANG_WARN_INT_CONVERSION = YES;
				CLANG_WARN_NON_LITERAL_NULL_CONVERSION = YES;
				CLANG_WARN_OBJC_IMPLICIT_RETAIN_SELF = YES;
				CLANG_WARN_OBJC_LITERAL_CONVERSION = YES;
				CLANG_WARN_OBJC_ROOT_CLASS = YES_ERROR;
				CLANG_WARN_QUOTED_INCLUDE_IN_FRAMEWORK_HEADER = YES;
				CLANG_WARN_RANGE_LOOP_ANALYSIS = YES;
				CLANG_WARN_STRICT_PROTOTYPES = YES;
				CLANG_WARN_SUSPICIOUS_MOVE = YES;
				CLANG_WARN_UNGUARDED_AVAILABILITY = YES_AGGRESSIVE;
				CLANG_WARN_UNREACHABLE_CODE = YES;
				CLANG_WARN__DUPLICATE_METHOD_MATCH = YES;
				COPY_PHASE_STRIP = NO;
				DEBUG_INFORMATION_FORMAT = "dwarf-with-dsym";
				ENABLE_NS_ASSERTIONS = NO;
				ENABLE_STRICT_OBJC_MSGSEND = YES;
				GCC_C_LANGUAGE_STANDARD = gnu11;
				GCC_NO_COMMON_BLOCKS = YES;
				GCC_WARN_64_TO_32_BIT_CONVERSION = YES;
				GCC_WARN_ABOUT_RETURN_TYPE = YES_ERROR;
				GCC_WARN_UNDECLARED_SELECTOR = YES;
				GCC_WARN_UNINITIALIZED_AUTOS = YES_AGGRESSIVE;
				GCC_WARN_UNUSED_FUNCTION = YES;
				GCC_WARN_UNUSED_VARIABLE = YES;
				IPHONEOS_DEPLOYMENT_TARGET = 15.5;
				MTL_ENABLE_DEBUG_INFO = NO;
				MTL_FAST_MATH = YES;
				SDKROOT = iphoneos;
				SWIFT_COMPILATION_MODE = wholemodule;
				SWIFT_OPTIMIZATION_LEVEL = "-O";
				VALIDATE_PRODUCT = YES;
			};
			name = Release;
		};
		CEAD82AC28B7ABC0002DE5C8 /* Debug */ = {
			isa = XCBuildConfiguration;
			buildSettings = {
				ASSETCATALOG_COMPILER_APPICON_NAME = AppIcon;
				ASSETCATALOG_COMPILER_GLOBAL_ACCENT_COLOR_NAME = AccentColor;
				CODE_SIGN_STYLE = Automatic;
				CURRENT_PROJECT_VERSION = 1;
				GENERATE_INFOPLIST_FILE = YES;
				INFOPLIST_FILE = Demo1/Info.plist;
				INFOPLIST_KEY_UIApplicationSupportsIndirectInputEvents = YES;
				INFOPLIST_KEY_UILaunchStoryboardName = LaunchScreen;
				INFOPLIST_KEY_UIMainStoryboardFile = Main;
				INFOPLIST_KEY_UISupportedInterfaceOrientations_iPad = "UIInterfaceOrientationPortrait UIInterfaceOrientationPortraitUpsideDown UIInterfaceOrientationLandscapeLeft UIInterfaceOrientationLandscapeRight";
				INFOPLIST_KEY_UISupportedInterfaceOrientations_iPhone = "UIInterfaceOrientationPortrait UIInterfaceOrientationLandscapeLeft UIInterfaceOrientationLandscapeRight";
				LD_RUNPATH_SEARCH_PATHS = (
					"$(inherited)",
					"@executable_path/Frameworks",
				);
				MARKETING_VERSION = 1.0;
				PRODUCT_BUNDLE_IDENTIFIER = techpro.Demo1;
				PRODUCT_NAME = "$(TARGET_NAME)";
				SWIFT_EMIT_LOC_STRINGS = YES;
				SWIFT_VERSION = 5.0;
				TARGETED_DEVICE_FAMILY = "1,2";
			};
			name = Debug;
		};
		CEAD82AD28B7ABC0002DE5C8 /* Release */ = {
			isa = XCBuildConfiguration;
			buildSettings = {
				ASSETCATALOG_COMPILER_APPICON_NAME = AppIcon;
				ASSETCATALOG_COMPILER_GLOBAL_ACCENT_COLOR_NAME = AccentColor;
				CODE_SIGN_STYLE = Automatic;
				CURRENT_PROJECT_VERSION = 1;
				GENERATE_INFOPLIST_FILE = YES;
				INFOPLIST_FILE = Demo1/Info.plist;
				INFOPLIST_KEY_UIApplicationSupportsIndirectInputEvents = YES;
				INFOPLIST_KEY_UILaunchStoryboardName = LaunchScreen;
				INFOPLIST_KEY_UIMainStoryboardFile = Main;
				INFOPLIST_KEY_UISupportedInterfaceOrientations_iPad = "UIInterfaceOrientationPortrait UIInterfaceOrientationPortraitUpsideDown UIInterfaceOrientationLandscapeLeft UIInterfaceOrientationLandscapeRight";
				INFOPLIST_KEY_UISupportedInterfaceOrientations_iPhone = "UIInterfaceOrientationPortrait UIInterfaceOrientationLandscapeLeft UIInterfaceOrientationLandscapeRight";
				LD_RUNPATH_SEARCH_PATHS = (
					"$(inherited)",
					"@executable_path/Frameworks",
				);
				MARKETING_VERSION = 1.0;
				PRODUCT_BUNDLE_IDENTIFIER = techpro.Demo1;
				PRODUCT_NAME = "$(TARGET_NAME)";
				SWIFT_EMIT_LOC_STRINGS = YES;
				SWIFT_VERSION = 5.0;
				TARGETED_DEVICE_FAMILY = "1,2";
			};
			name = Release;
		};
		CEAD82AF28B7ABC0002DE5C8 /* Debug */ = {
			isa = XCBuildConfiguration;
			buildSettings = {
				ALWAYS_EMBED_SWIFT_STANDARD_LIBRARIES = YES;
				BUNDLE_LOADER = "$(TEST_HOST)";
				CODE_SIGN_STYLE = Automatic;
				CURRENT_PROJECT_VERSION = 1;
				GENERATE_INFOPLIST_FILE = YES;
				IPHONEOS_DEPLOYMENT_TARGET = 15.5;
				MARKETING_VERSION = 1.0;
				PRODUCT_BUNDLE_IDENTIFIER = techpro.Demo1Tests;
				PRODUCT_NAME = "$(TARGET_NAME)";
				SWIFT_EMIT_LOC_STRINGS = NO;
				SWIFT_VERSION = 5.0;
				TARGETED_DEVICE_FAMILY = "1,2";
				TEST_HOST = "$(BUILT_PRODUCTS_DIR)/Demo1.app/Demo1";
			};
			name = Debug;
		};
		CEAD82B028B7ABC0002DE5C8 /* Release */ = {
			isa = XCBuildConfiguration;
			buildSettings = {
				ALWAYS_EMBED_SWIFT_STANDARD_LIBRARIES = YES;
				BUNDLE_LOADER = "$(TEST_HOST)";
				CODE_SIGN_STYLE = Automatic;
				CURRENT_PROJECT_VERSION = 1;
				GENERATE_INFOPLIST_FILE = YES;
				IPHONEOS_DEPLOYMENT_TARGET = 15.5;
				MARKETING_VERSION = 1.0;
				PRODUCT_BUNDLE_IDENTIFIER = techpro.Demo1Tests;
				PRODUCT_NAME = "$(TARGET_NAME)";
				SWIFT_EMIT_LOC_STRINGS = NO;
				SWIFT_VERSION = 5.0;
				TARGETED_DEVICE_FAMILY = "1,2";
				TEST_HOST = "$(BUILT_PRODUCTS_DIR)/Demo1.app/Demo1";
			};
			name = Release;
		};
		CEAD82B228B7ABC0002DE5C8 /* Debug */ = {
			isa = XCBuildConfiguration;
			buildSettings = {
				ALWAYS_EMBED_SWIFT_STANDARD_LIBRARIES = YES;
				CODE_SIGN_STYLE = Automatic;
				CURRENT_PROJECT_VERSION = 1;
				GENERATE_INFOPLIST_FILE = YES;
				MARKETING_VERSION = 1.0;
				PRODUCT_BUNDLE_IDENTIFIER = techpro.Demo1UITests;
				PRODUCT_NAME = "$(TARGET_NAME)";
				SWIFT_EMIT_LOC_STRINGS = NO;
				SWIFT_VERSION = 5.0;
				TARGETED_DEVICE_FAMILY = "1,2";
				TEST_TARGET_NAME = Demo1;
			};
			name = Debug;
		};
		CEAD82B328B7ABC0002DE5C8 /* Release */ = {
			isa = XCBuildConfiguration;
			buildSettings = {
				ALWAYS_EMBED_SWIFT_STANDARD_LIBRARIES = YES;
				CODE_SIGN_STYLE = Automatic;
				CURRENT_PROJECT_VERSION = 1;
				GENERATE_INFOPLIST_FILE = YES;
				MARKETING_VERSION = 1.0;
				PRODUCT_BUNDLE_IDENTIFIER = techpro.Demo1UITests;
				PRODUCT_NAME = "$(TARGET_NAME)";
				SWIFT_EMIT_LOC_STRINGS = NO;
				SWIFT_VERSION = 5.0;
				TARGETED_DEVICE_FAMILY = "1,2";
				TEST_TARGET_NAME = Demo1;
			};
			name = Release;
		};
/* End XCBuildConfiguration section */

/* Begin XCConfigurationList section */
		CEAD827C28B7ABBC002DE5C8 /* Build configuration list for PBXProject "Demo1" */ = {
			isa = XCConfigurationList;
			buildConfigurations = (
				CEAD82A928B7ABC0002DE5C8 /* Debug */,
				CEAD82AA28B7ABC0002DE5C8 /* Release */,
			);
			defaultConfigurationIsVisible = 0;
			defaultConfigurationName = Release;
		};
		CEAD82AB28B7ABC0002DE5C8 /* Build configuration list for PBXNativeTarget "Demo1" */ = {
			isa = XCConfigurationList;
			buildConfigurations = (
				CEAD82AC28B7ABC0002DE5C8 /* Debug */,
				CEAD82AD28B7ABC0002DE5C8 /* Release */,
			);
			defaultConfigurationIsVisible = 0;
			defaultConfigurationName = Release;
		};
		CEAD82AE28B7ABC0002DE5C8 /* Build configuration list for PBXNativeTarget "Demo1Tests" */ = {
			isa = XCConfigurationList;
			buildConfigurations = (
				CEAD82AF28B7ABC0002DE5C8 /* Debug */,
				CEAD82B028B7ABC0002DE5C8 /* Release */,
			);
			defaultConfigurationIsVisible = 0;
			defaultConfigurationName = Release;
		};
		CEAD82B128B7ABC0002DE5C8 /* Build configuration list for PBXNativeTarget "Demo1UITests" */ = {
			isa = XCConfigurationList;
			buildConfigurations = (
				CEAD82B228B7ABC0002DE5C8 /* Debug */,
				CEAD82B328B7ABC0002DE5C8 /* Release */,
			);
			defaultConfigurationIsVisible = 0;
			defaultConfigurationName = Release;
		};
/* End XCConfigurationList section */
	};
	rootObject = CEAD827928B7ABBC002DE5C8 /* Project object */;
}
